
Microsoft Visual Studio Solution File, Format Version 12.00
# Visual Studio 14
VisualStudioVersion = 14.0.25420.1
MinimumVisualStudioVersion = 10.0.40219.1
Project("{FAE04EC0-301F-11D3-BF4B-00C04F79EFBC}") = "PizzaStoreData.DataAccess", "PizzaStoreData.DataAccess\PizzaStoreData.DataAccess.csproj", "{F2BF920B-3995-4A25-BABD-039E5C617707}"
EndProject
Project("{FAE04EC0-301F-11D3-BF4B-00C04F79EFBC}") = "PizzaStoreData.Test", "PizzaStoreData.Test\PizzaStoreData.Test.csproj", "{04FDC77E-F46B-4456-91AC-4E67408CF0E3}"
EndProject
Project("{FAE04EC0-301F-11D3-BF4B-00C04F79EFBC}") = "PizzaStoreData.DataClient", "PizzaStoreData.DataClient\PizzaStoreData.DataClient.csproj", "{2C344019-9E4B-4999-B6D8-C3B8B1CAF70D}"
EndProject
Global
	GlobalSection(SolutionConfigurationPlatforms) = preSolution
		Debug|Any CPU = Debug|Any CPU
		Release|Any CPU = Release|Any CPU
	EndGlobalSection
	GlobalSection(ProjectConfigurationPlatforms) = postSolution
		{F2BF920B-3995-4A25-BABD-039E5C617707}.Debug|Any CPU.ActiveCfg = Debug|Any CPU
		{F2BF920B-3995-4A25-BABD-039E5C617707}.Debug|Any CPU.Build.0 = Debug|Any CPU
		{F2BF920B-3995-4A25-BABD-039E5C617707}.Release|Any CPU.ActiveCfg = Release|Any CPU
		{F2BF920B-3995-4A25-BABD-039E5C617707}.Release|Any CPU.Build.0 = Release|Any CPU
		{04FDC77E-F46B-4456-91AC-4E67408CF0E3}.Debug|Any CPU.ActiveCfg = Debug|Any CPU
		{04FDC77E-F46B-4456-91AC-4E67408CF0E3}.Debug|Any CPU.Build.0 = Debug|Any CPU
		{04FDC77E-F46B-4456-91AC-4E67408CF0E3}.Release|Any CPU.ActiveCfg = Release|Any CPU
		{04FDC77E-F46B-4456-91AC-4E67408CF0E3}.Release|Any CPU.Build.0 = Release|Any CPU
		{2C344019-9E4B-4999-B6D8-C3B8B1CAF70D}.Debug|Any CPU.ActiveCfg = Debug|Any CPU
		{2C344019-9E4B-4999-B6D8-C3B8B1CAF70D}.Debug|Any CPU.Build.0 = Debug|Any CPU
		{2C344019-9E4B-4999-B6D8-C3B8B1CAF70D}.Release|Any CPU.ActiveCfg = Release|Any CPU
		{2C344019-9E4B-4999-B6D8-C3B8B1CAF70D}.Release|Any CPU.Build.0 = Release|Any CPU
	EndGlobalSection
	GlobalSection(SolutionProperties) = preSolution
		HideSolutionNode = FALSE
	EndGlobalSection
EndGlobal
