
Microsoft Visual Studio Solution File, Format Version 12.00
# Visual Studio 14
VisualStudioVersion = 14.0.25420.1
MinimumVisualStudioVersion = 10.0.40219.1
Project("{FAE04EC0-301F-11D3-BF4B-00C04F79EFBC}") = "MonsterData.DataAccess", "MonsterData.DataAccess\MonsterData.DataAccess.csproj", "{45938255-D0D3-4B35-B385-3A6A1CD3E935}"
EndProject
Project("{FAE04EC0-301F-11D3-BF4B-00C04F79EFBC}") = "MonsterData.Test", "MonsterData.Test\MonsterData.Test.csproj", "{3DDC3C00-5615-4CC7-AACD-20A891385DEA}"
EndProject
Project("{FAE04EC0-301F-11D3-BF4B-00C04F79EFBC}") = "MonsterData.DataClient", "MonsterData.DataClient\MonsterData.DataClient.csproj", "{7179000A-817C-491C-8AF3-BDEE155C2A7F}"
EndProject
Global
	GlobalSection(SolutionConfigurationPlatforms) = preSolution
		Debug|Any CPU = Debug|Any CPU
		Release|Any CPU = Release|Any CPU
	EndGlobalSection
	GlobalSection(ProjectConfigurationPlatforms) = postSolution
		{45938255-D0D3-4B35-B385-3A6A1CD3E935}.Debug|Any CPU.ActiveCfg = Debug|Any CPU
		{45938255-D0D3-4B35-B385-3A6A1CD3E935}.Debug|Any CPU.Build.0 = Debug|Any CPU
		{45938255-D0D3-4B35-B385-3A6A1CD3E935}.Release|Any CPU.ActiveCfg = Release|Any CPU
		{45938255-D0D3-4B35-B385-3A6A1CD3E935}.Release|Any CPU.Build.0 = Release|Any CPU
		{3DDC3C00-5615-4CC7-AACD-20A891385DEA}.Debug|Any CPU.ActiveCfg = Debug|Any CPU
		{3DDC3C00-5615-4CC7-AACD-20A891385DEA}.Debug|Any CPU.Build.0 = Debug|Any CPU
		{3DDC3C00-5615-4CC7-AACD-20A891385DEA}.Release|Any CPU.ActiveCfg = Release|Any CPU
		{3DDC3C00-5615-4CC7-AACD-20A891385DEA}.Release|Any CPU.Build.0 = Release|Any CPU
		{7179000A-817C-491C-8AF3-BDEE155C2A7F}.Debug|Any CPU.ActiveCfg = Debug|Any CPU
		{7179000A-817C-491C-8AF3-BDEE155C2A7F}.Debug|Any CPU.Build.0 = Debug|Any CPU
		{7179000A-817C-491C-8AF3-BDEE155C2A7F}.Release|Any CPU.ActiveCfg = Release|Any CPU
		{7179000A-817C-491C-8AF3-BDEE155C2A7F}.Release|Any CPU.Build.0 = Release|Any CPU
	EndGlobalSection
	GlobalSection(SolutionProperties) = preSolution
		HideSolutionNode = FALSE
	EndGlobalSection
EndGlobal
